{
  "name": "console",
  "lockfileVersion": 2,
  "requires": true,
  "packages": {
    "": {
      "dependencies": {
        "iuai": "^0.6.0"
      }
    },
    "node_modules/iuai": {
      "version": "0.6.0",
      "resolved": "https://registry.npmjs.org/iuai/-/iuai-0.6.0.tgz",
      "integrity": "sha512-iZAoS+UG7/c+DKvUj7MlGQBUq7FK4FiL3pqD9gfLhQGYACaneY/PjB5ITpZG+Cy6Y9AG1xoC+OsBXWiuwgao3A=="
    }
  },
  "dependencies": {
    "iuai": {
      "version": "0.6.0",
      "resolved": "https://registry.npmjs.org/iuai/-/iuai-0.6.0.tgz",
      "integrity": "sha512-iZAoS+UG7/c+DKvUj7MlGQBUq7FK4FiL3pqD9gfLhQGYACaneY/PjB5ITpZG+Cy6Y9AG1xoC+OsBXWiuwgao3A=="
    }
  }
}
